
Microsoft Visual Studio Solution File, Format Version 12.00
# Visual Studio Version 17
VisualStudioVersion = 17.2.32526.322
MinimumVisualStudioVersion = 10.0.40219.1
Project("{FAE04EC0-301F-11D3-BF4B-00C04F79EFBC}") = "AzureFunctionBikeStore", "AzureFunctionBikeStore\AzureFunctionBikeStore.csproj", "{774B73D9-AE57-49F0-BF1F-4F9F1221A2F1}"
EndProject
Global
	GlobalSection(SolutionConfigurationPlatforms) = preSolution
		Debug|Any CPU = Debug|Any CPU
		Release|Any CPU = Release|Any CPU
	EndGlobalSection
	GlobalSection(ProjectConfigurationPlatforms) = postSolution
		{774B73D9-AE57-49F0-BF1F-4F9F1221A2F1}.Debug|Any CPU.ActiveCfg = Debug|Any CPU
		{774B73D9-AE57-49F0-BF1F-4F9F1221A2F1}.Debug|Any CPU.Build.0 = Debug|Any CPU
		{774B73D9-AE57-49F0-BF1F-4F9F1221A2F1}.Release|Any CPU.ActiveCfg = Release|Any CPU
		{774B73D9-AE57-49F0-BF1F-4F9F1221A2F1}.Release|Any CPU.Build.0 = Release|Any CPU
	EndGlobalSection
	GlobalSection(SolutionProperties) = preSolution
		HideSolutionNode = FALSE
	EndGlobalSection
	GlobalSection(ExtensibilityGlobals) = postSolution
		SolutionGuid = {E24B5B26-82EE-4967-A23C-6491A45A18E9}
	EndGlobalSection
EndGlobal
